// !$*UTF8*$!
{
	archiveVersion = 1;
	classes = {
	};
	objectVersion = 46;
	objects = {

/* Begin PBXBuildFile section */
		B0F8BD691A62D89A00070291 /* AppDelegate.swift in Sources */ = {isa = PBXBuildFile; fileRef = B0F8BD681A62D89A00070291 /* AppDelegate.swift */; };
		B0F8BD6B1A62D89A00070291 /* ViewController.swift in Sources */ = {isa = PBXBuildFile; fileRef = B0F8BD6A1A62D89A00070291 /* ViewController.swift */; };
		B0F8BD6E1A62D89A00070291 /* Main.storyboard in Resources */ = {isa = PBXBuildFile; fileRef = B0F8BD6C1A62D89A00070291 /* Main.storyboard */; };
		B0F8BD701A62D89A00070291 /* Images.xcassets in Resources */ = {isa = PBXBuildFile; fileRef = B0F8BD6F1A62D89A00070291 /* Images.xcassets */; };
		B0F8BD731A62D89A00070291 /* LaunchScreen.xib in Resources */ = {isa = PBXBuildFile; fileRef = B0F8BD711A62D89A00070291 /* LaunchScreen.xib */; };
		B0F8BD7F1A62D89A00070291 /* HelloMetalTests.swift in Sources */ = {isa = PBXBuildFile; fileRef = B0F8BD7E1A62D89A00070291 /* HelloMetalTests.swift */; };
		B0F8BD891A62E63400070291 /* Shader.metal in Sources */ = {isa = PBXBuildFile; fileRef = B0F8BD881A62E63400070291 /* Shader.metal */; };
		B0F8BD8D1A62F10100070291 /* Matrix4.m in Sources */ = {isa = PBXBuildFile; fileRef = B0F8BD8C1A62F10100070291 /* Matrix4.m */; };
/* End PBXBuildFile section */

/* Begin PBXContainerItemProxy section */
		B0F8BD791A62D89A00070291 /* PBXContainerItemProxy */ = {
			isa = PBXContainerItemProxy;
			containerPortal = B0F8BD5B1A62D89A00070291 /* Project object */;
			proxyType = 1;
			remoteGlobalIDString = B0F8BD621A62D89A00070291;
			remoteInfo = HelloMetal;
		};
/* End PBXContainerItemProxy section */

/* Begin PBXFileReference section */
		B0F8BD631A62D89A00070291 /* HelloMetal.app */ = {isa = PBXFileReference; explicitFileType = wrapper.application; includeInIndex = 0; path = HelloMetal.app; sourceTree = BUILT_PRODUCTS_DIR; };
		B0F8BD671A62D89A00070291 /* Info.plist */ = {isa = PBXFileReference; lastKnownFileType = text.plist.xml; path = Info.plist; sourceTree = "<group>"; };
		B0F8BD681A62D89A00070291 /* AppDelegate.swift */ = {isa = PBXFileReference; lastKnownFileType = sourcecode.swift; path = AppDelegate.swift; sourceTree = "<group>"; };
		B0F8BD6A1A62D89A00070291 /* ViewController.swift */ = {isa = PBXFileReference; lastKnownFileType = sourcecode.swift; path = ViewController.swift; sourceTree = "<group>"; };
		B0F8BD6D1A62D89A00070291 /* Base */ = {isa = PBXFileReference; lastKnownFileType = file.storyboard; name = Base; path = Base.lproj/Main.storyboard; sourceTree = "<group>"; };
		B0F8BD6F1A62D89A00070291 /* Images.xcassets */ = {isa = PBXFileReference; lastKnownFileType = folder.assetcatalog; path = Images.xcassets; sourceTree = "<group>"; };
		B0F8BD721A62D89A00070291 /* Base */ = {isa = PBXFileReference; lastKnownFileType = file.xib; name = Base; path = Base.lproj/LaunchScreen.xib; sourceTree = "<group>"; };
		B0F8BD781A62D89A00070291 /* HelloMetalTests.xctest */ = {isa = PBXFileReference; explicitFileType = wrapper.cfbundle; includeInIndex = 0; path = HelloMetalTests.xctest; sourceTree = BUILT_PRODUCTS_DIR; };
		B0F8BD7D1A62D89A00070291 /* Info.plist */ = {isa = PBXFileReference; lastKnownFileType = text.plist.xml; path = Info.plist; sourceTree = "<group>"; };
		B0F8BD7E1A62D89A00070291 /* HelloMetalTests.swift */ = {isa = PBXFileReference; lastKnownFileType = sourcecode.swift; path = HelloMetalTests.swift; sourceTree = "<group>"; };
		B0F8BD881A62E63400070291 /* Shader.metal */ = {isa = PBXFileReference; fileEncoding = 4; lastKnownFileType = sourcecode.metal; path = Shader.metal; sourceTree = "<group>"; };
		B0F8BD8A1A62F10100070291 /* HelloMetal-Bridging-Header.h */ = {isa = PBXFileReference; lastKnownFileType = sourcecode.c.h; path = "HelloMetal-Bridging-Header.h"; sourceTree = "<group>"; };
		B0F8BD8B1A62F10100070291 /* Matrix4.h */ = {isa = PBXFileReference; fileEncoding = 4; lastKnownFileType = sourcecode.c.h; path = Matrix4.h; sourceTree = "<group>"; };
		B0F8BD8C1A62F10100070291 /* Matrix4.m */ = {isa = PBXFileReference; fileEncoding = 4; lastKnownFileType = sourcecode.c.objc; path = Matrix4.m; sourceTree = "<group>"; };
/* End PBXFileReference section */

/* Begin PBXFrameworksBuildPhase section */
		B0F8BD601A62D89A00070291 /* Frameworks */ = {
			isa = PBXFrameworksBuildPhase;
			buildActionMask = 2147483647;
			files = (
			);
			runOnlyForDeploymentPostprocessing = 0;
		};
		B0F8BD751A62D89A00070291 /* Frameworks */ = {
			isa = PBXFrameworksBuildPhase;
			buildActionMask = 2147483647;
			files = (
			);
			runOnlyForDeploymentPostprocessing = 0;
		};
/* End PBXFrameworksBuildPhase section */

/* Begin PBXGroup section */
		B0F8BD5A1A62D89A00070291 = {
			isa = PBXGroup;
			children = (
				B0F8BD651A62D89A00070291 /* HelloMetal */,
				B0F8BD7B1A62D89A00070291 /* HelloMetalTests */,
				B0F8BD641A62D89A00070291 /* Products */,
			);
			sourceTree = "<group>";
		};
		B0F8BD641A62D89A00070291 /* Products */ = {
			isa = PBXGroup;
			children = (
				B0F8BD631A62D89A00070291 /* HelloMetal.app */,
				B0F8BD781A62D89A00070291 /* HelloMetalTests.xctest */,
			);
			name = Products;
			sourceTree = "<group>";
		};
		B0F8BD651A62D89A00070291 /* HelloMetal */ = {
			isa = PBXGroup;
			children = (
				B0F8BD8B1A62F10100070291 /* Matrix4.h */,
				B0F8BD8C1A62F10100070291 /* Matrix4.m */,
				B0F8BD881A62E63400070291 /* Shader.metal */,
				B0F8BD681A62D89A00070291 /* AppDelegate.swift */,
				B0F8BD6A1A62D89A00070291 /* ViewController.swift */,
				B0F8BD6C1A62D89A00070291 /* Main.storyboard */,
				B0F8BD6F1A62D89A00070291 /* Images.xcassets */,
				B0F8BD711A62D89A00070291 /* LaunchScreen.xib */,
				B0F8BD661A62D89A00070291 /* Supporting Files */,
				B0F8BD8A1A62F10100070291 /* HelloMetal-Bridging-Header.h */,
			);
			path = HelloMetal;
			sourceTree = "<group>";
		};
		B0F8BD661A62D89A00070291 /* Supporting Files */ = {
			isa = PBXGroup;
			children = (
				B0F8BD671A62D89A00070291 /* Info.plist */,
			);
			name = "Supporting Files";
			sourceTree = "<group>";
		};
		B0F8BD7B1A62D89A00070291 /* HelloMetalTests */ = {
			isa = PBXGroup;
			children = (
				B0F8BD7E1A62D89A00070291 /* HelloMetalTests.swift */,
				B0F8BD7C1A62D89A00070291 /* Supporting Files */,
			);
			path = HelloMetalTests;
			sourceTree = "<group>";
		};
		B0F8BD7C1A62D89A00070291 /* Supporting Files */ = {
			isa = PBXGroup;
			children = (
				B0F8BD7D1A62D89A00070291 /* Info.plist */,
			);
			name = "Supporting Files";
			sourceTree = "<group>";
		};
/* End PBXGroup section */

/* Begin PBXNativeTarget section */
		B0F8BD621A62D89A00070291 /* HelloMetal */ = {
			isa = PBXNativeTarget;
			buildConfigurationList = B0F8BD821A62D89A00070291 /* Build configuration list for PBXNativeTarget "HelloMetal" */;
			buildPhases = (
				B0F8BD5F1A62D89A00070291 /* Sources */,
				B0F8BD601A62D89A00070291 /* Frameworks */,
				B0F8BD611A62D89A00070291 /* Resources */,
			);
			buildRules = (
			);
			dependencies = (
			);
			name = HelloMetal;
			productName = HelloMetal;
			productReference = B0F8BD631A62D89A00070291 /* HelloMetal.app */;
			productType = "com.apple.product-type.application";
		};
		B0F8BD771A62D89A00070291 /* HelloMetalTests */ = {
			isa = PBXNativeTarget;
			buildConfigurationList = B0F8BD851A62D89A00070291 /* Build configuration list for PBXNativeTarget "HelloMetalTests" */;
			buildPhases = (
				B0F8BD741A62D89A00070291 /* Sources */,
				B0F8BD751A62D89A00070291 /* Frameworks */,
				B0F8BD761A62D89A00070291 /* Resources */,
			);
			buildRules = (
			);
			dependencies = (
				B0F8BD7A1A62D89A00070291 /* PBXTargetDependency */,
			);
			name = HelloMetalTests;
			productName = HelloMetalTests;
			productReference = B0F8BD781A62D89A00070291 /* HelloMetalTests.xctest */;
			productType = "com.apple.product-type.bundle.unit-test";
		};
/* End PBXNativeTarget section */

/* Begin PBXProject section */
		B0F8BD5B1A62D89A00070291 /* Project object */ = {
			isa = PBXProject;
			attributes = {
				LastUpgradeCheck = 0610;
				ORGANIZATIONNAME = s1nn;
				TargetAttributes = {
					B0F8BD621A62D89A00070291 = {
						CreatedOnToolsVersion = 6.1.1;
					};
					B0F8BD771A62D89A00070291 = {
						CreatedOnToolsVersion = 6.1.1;
						TestTargetID = B0F8BD621A62D89A00070291;
					};
				};
			};
			buildConfigurationList = B0F8BD5E1A62D89A00070291 /* Build configuration list for PBXProject "HelloMetal" */;
			compatibilityVersion = "Xcode 3.2";
			developmentRegion = English;
			hasScannedForEncodings = 0;
			knownRegions = (
				en,
				Base,
			);
			mainGroup = B0F8BD5A1A62D89A00070291;
			productRefGroup = B0F8BD641A62D89A00070291 /* Products */;
			projectDirPath = "";
			projectRoot = "";
			targets = (
				B0F8BD621A62D89A00070291 /* HelloMetal */,
				B0F8BD771A62D89A00070291 /* HelloMetalTests */,
			);
		};
/* End PBXProject section */

/* Begin PBXResourcesBuildPhase section */
		B0F8BD611A62D89A00070291 /* Resources */ = {
			isa = PBXResourcesBuildPhase;
			buildActionMask = 2147483647;
			files = (
				B0F8BD6E1A62D89A00070291 /* Main.storyboard in Resources */,
				B0F8BD731A62D89A00070291 /* LaunchScreen.xib in Resources */,
				B0F8BD701A62D89A00070291 /* Images.xcassets in Resources */,
			);
			runOnlyForDeploymentPostprocessing = 0;
		};
		B0F8BD761A62D89A00070291 /* Resources */ = {
			isa = PBXResourcesBuildPhase;
			buildActionMask = 2147483647;
			files = (
			);
			runOnlyForDeploymentPostprocessing = 0;
		};
/* End PBXResourcesBuildPhase section */

/* Begin PBXSourcesBuildPhase section */
		B0F8BD5F1A62D89A00070291 /* Sources */ = {
			isa = PBXSourcesBuildPhase;
			buildActionMask = 2147483647;
			files = (
				B0F8BD891A62E63400070291 /* Shader.metal in Sources */,
				B0F8BD8D1A62F10100070291 /* Matrix4.m in Sources */,
				B0F8BD6B1A62D89A00070291 /* ViewController.swift in Sources */,
				B0F8BD691A62D89A00070291 /* AppDelegate.swift in Sources */,
			);
			runOnlyForDeploymentPostprocessing = 0;
		};
		B0F8BD741A62D89A00070291 /* Sources */ = {
			isa = PBXSourcesBuildPhase;
			buildActionMask = 2147483647;
			files = (
				B0F8BD7F1A62D89A00070291 /* HelloMetalTests.swift in Sources */,
			);
			runOnlyForDeploymentPostprocessing = 0;
		};
/* End PBXSourcesBuildPhase section */

/* Begin PBXTargetDependency section */
		B0F8BD7A1A62D89A00070291 /* PBXTargetDependency */ = {
			isa = PBXTargetDependency;
			target = B0F8BD621A62D89A00070291 /* HelloMetal */;
			targetProxy = B0F8BD791A62D89A00070291 /* PBXContainerItemProxy */;
		};
/* End PBXTargetDependency section */

/* Begin PBXVariantGroup section */
		B0F8BD6C1A62D89A00070291 /* Main.storyboard */ = {
			isa = PBXVariantGroup;
			children = (
				B0F8BD6D1A62D89A00070291 /* Base */,
			);
			name = Main.storyboard;
			sourceTree = "<group>";
		};
		B0F8BD711A62D89A00070291 /* LaunchScreen.xib */ = {
			isa = PBXVariantGroup;
			children = (
				B0F8BD721A62D89A00070291 /* Base */,
			);
			name = LaunchScreen.xib;
			sourceTree = "<group>";
		};
/* End PBXVariantGroup section */

/* Begin XCBuildConfiguration section */
		B0F8BD801A62D89A00070291 /* Debug */ = {
			isa = XCBuildConfiguration;
			buildSettings = {
				ALWAYS_SEARCH_USER_PATHS = NO;
				CLANG_CXX_LANGUAGE_STANDARD = "gnu++0x";
				CLANG_CXX_LIBRARY = "libc++";
				CLANG_ENABLE_MODULES = YES;
				CLANG_ENABLE_OBJC_ARC = YES;
				CLANG_WARN_BOOL_CONVERSION = YES;
				CLANG_WARN_CONSTANT_CONVERSION = YES;
				CLANG_WARN_DIRECT_OBJC_ISA_USAGE = YES_ERROR;
				CLANG_WARN_EMPTY_BODY = YES;
				CLANG_WARN_ENUM_CONVERSION = YES;
				CLANG_WARN_INT_CONVERSION = YES;
				CLANG_WARN_OBJC_ROOT_CLASS = YES_ERROR;
				CLANG_WARN_UNREACHABLE_CODE = YES;
				CLANG_WARN__DUPLICATE_METHOD_MATCH = YES;
				"CODE_SIGN_IDENTITY[sdk=iphoneos*]" = "iPhone Developer";
				COPY_PHASE_STRIP = NO;
				ENABLE_STRICT_OBJC_MSGSEND = YES;
				GCC_C_LANGUAGE_STANDARD = gnu99;
				GCC_DYNAMIC_NO_PIC = NO;
				GCC_OPTIMIZATION_LEVEL = 0;
				GCC_PREPROCESSOR_DEFINITIONS = (
					"DEBUG=1",
					"$(inherited)",
				);
				GCC_SYMBOLS_PRIVATE_EXTERN = NO;
				GCC_WARN_64_TO_32_BIT_CONVERSION = YES;
				GCC_WARN_ABOUT_RETURN_TYPE = YES_ERROR;
				GCC_WARN_UNDECLARED_SELECTOR = YES;
				GCC_WARN_UNINITIALIZED_AUTOS = YES_AGGRESSIVE;
				GCC_WARN_UNUSED_FUNCTION = YES;
				GCC_WARN_UNUSED_VARIABLE = YES;
				IPHONEOS_DEPLOYMENT_TARGET = 8.1;
				MTL_ENABLE_DEBUG_INFO = YES;
				ONLY_ACTIVE_ARCH = YES;
				SDKROOT = iphoneos;
				SWIFT_OPTIMIZATION_LEVEL = "-Onone";
				TARGETED_DEVICE_FAMILY = "1,2";
			};
			name = Debug;
		};
		B0F8BD811A62D89A00070291 /* Release */ = {
			isa = XCBuildConfiguration;
			buildSettings = {
				ALWAYS_SEARCH_USER_PATHS = NO;
				CLANG_CXX_LANGUAGE_STANDARD = "gnu++0x";
				CLANG_CXX_LIBRARY = "libc++";
				CLANG_ENABLE_MODULES = YES;
				CLANG_ENABLE_OBJC_ARC = YES;
				CLANG_WARN_BOOL_CONVERSION = YES;
				CLANG_WARN_CONSTANT_CONVERSION = YES;
				CLANG_WARN_DIRECT_OBJC_ISA_USAGE = YES_ERROR;
				CLANG_WARN_EMPTY_BODY = YES;
				CLANG_WARN_ENUM_CONVERSION = YES;
				CLANG_WARN_INT_CONVERSION = YES;
				CLANG_WARN_OBJC_ROOT_CLASS = YES_ERROR;
				CLANG_WARN_UNREACHABLE_CODE = YES;
				CLANG_WARN__DUPLICATE_METHOD_MATCH = YES;
				"CODE_SIGN_IDENTITY[sdk=iphoneos*]" = "iPhone Developer";
				COPY_PHASE_STRIP = YES;
				ENABLE_NS_ASSERTIONS = NO;
				ENABLE_STRICT_OBJC_MSGSEND = YES;
				GCC_C_LANGUAGE_STANDARD = gnu99;
				GCC_WARN_64_TO_32_BIT_CONVERSION = YES;
				GCC_WARN_ABOUT_RETURN_TYPE = YES_ERROR;
				GCC_WARN_UNDECLARED_SELECTOR = YES;
				GCC_WARN_UNINITIALIZED_AUTOS = YES_AGGRESSIVE;
				GCC_WARN_UNUSED_FUNCTION = YES;
				GCC_WARN_UNUSED_VARIABLE = YES;
				IPHONEOS_DEPLOYMENT_TARGET = 8.1;
				MTL_ENABLE_DEBUG_INFO = NO;
				SDKROOT = iphoneos;
				TARGETED_DEVICE_FAMILY = "1,2";
				VALIDATE_PRODUCT = YES;
			};
			name = Release;
		};
		B0F8BD831A62D89A00070291 /* Debug */ = {
			isa = XCBuildConfiguration;
			buildSettings = {
				ASSETCATALOG_COMPILER_APPICON_NAME = AppIcon;
				CLANG_ENABLE_MODULES = YES;
				INFOPLIST_FILE = HelloMetal/Info.plist;
				LD_RUNPATH_SEARCH_PATHS = "$(inherited) @executable_path/Frameworks";
				PRODUCT_NAME = "$(TARGET_NAME)";
				SWIFT_OBJC_BRIDGING_HEADER = "HelloMetal/HelloMetal-Bridging-Header.h";
				SWIFT_OPTIMIZATION_LEVEL = "-Onone";
			};
			name = Debug;
		};
		B0F8BD841A62D89A00070291 /* Release */ = {
			isa = XCBuildConfiguration;
			buildSettings = {
				ASSETCATALOG_COMPILER_APPICON_NAME = AppIcon;
				CLANG_ENABLE_MODULES = YES;
				INFOPLIST_FILE = HelloMetal/Info.plist;
				LD_RUNPATH_SEARCH_PATHS = "$(inherited) @executable_path/Frameworks";
				PRODUCT_NAME = "$(TARGET_NAME)";
				SWIFT_OBJC_BRIDGING_HEADER = "HelloMetal/HelloMetal-Bridging-Header.h";
			};
			name = Release;
		};
		B0F8BD861A62D89A00070291 /* Debug */ = {
			isa = XCBuildConfiguration;
			buildSettings = {
				BUNDLE_LOADER = "$(TEST_HOST)";
				FRAMEWORK_SEARCH_PATHS = (
					"$(SDKROOT)/Developer/Library/Frameworks",
					"$(inherited)",
				);
				GCC_PREPROCESSOR_DEFINITIONS = (
					"DEBUG=1",
					"$(inherited)",
				);
				INFOPLIST_FILE = HelloMetalTests/Info.plist;
				LD_RUNPATH_SEARCH_PATHS = "$(inherited) @executable_path/Frameworks @loader_path/Frameworks";
				PRODUCT_NAME = "$(TARGET_NAME)";
				TEST_HOST = "$(BUILT_PRODUCTS_DIR)/HelloMetal.app/HelloMetal";
			};
			name = Debug;
		};
		B0F8BD871A62D89A00070291 /* Release */ = {
			isa = XCBuildConfiguration;
			buildSettings = {
				BUNDLE_LOADER = "$(TEST_HOST)";
				FRAMEWORK_SEARCH_PATHS = (
					"$(SDKROOT)/Developer/Library/Frameworks",
					"$(inherited)",
				);
				INFOPLIST_FILE = HelloMetalTests/Info.plist;
				LD_RUNPATH_SEARCH_PATHS = "$(inherited) @executable_path/Frameworks @loader_path/Frameworks";
				PRODUCT_NAME = "$(TARGET_NAME)";
				TEST_HOST = "$(BUILT_PRODUCTS_DIR)/HelloMetal.app/HelloMetal";
			};
			name = Release;
		};
/* End XCBuildConfiguration section */

/* Begin XCConfigurationList section */
		B0F8BD5E1A62D89A00070291 /* Build configuration list for PBXProject "HelloMetal" */ = {
			isa = XCConfigurationList;
			buildConfigurations = (
				B0F8BD801A62D89A00070291 /* Debug */,
				B0F8BD811A62D89A00070291 /* Release */,
			);
			defaultConfigurationIsVisible = 0;
			defaultConfigurationName = Release;
		};
		B0F8BD821A62D89A00070291 /* Build configuration list for PBXNativeTarget "HelloMetal" */ = {
			isa = XCConfigurationList;
			buildConfigurations = (
				B0F8BD831A62D89A00070291 /* Debug */,
				B0F8BD841A62D89A00070291 /* Release */,
			);
			defaultConfigurationIsVisible = 0;
		};
		B0F8BD851A62D89A00070291 /* Build configuration list for PBXNativeTarget "HelloMetalTests" */ = {
			isa = XCConfigurationList;
			buildConfigurations = (
				B0F8BD861A62D89A00070291 /* Debug */,
				B0F8BD871A62D89A00070291 /* Release */,
			);
			defaultConfigurationIsVisible = 0;
		};
/* End XCConfigurationList section */
	};
	rootObject = B0F8BD5B1A62D89A00070291 /* Project object */;
}
